<Solution>
  <Project Path="Canon/Canon.csproj" />
  <Project Path="DoomsdayPreppers/DoomsdayPreppers.csproj" />
  <Project Path="Heras/Heras.csproj" />
  <Project Path="Oprijlaan/Oprijlaan.csproj" />
  <Project Path="Philips/Philips.csproj" />
  <Project Path="Protocollen/Protocollen.csproj" Id="37cd22c1-289f-4409-ab15-f389635dc3ae" />
  <Project Path="Yunex/Yunex.csproj" />
</Solution>
